
Microsoft Visual Studio Solution File, Format Version 12.00
# Visual Studio 15
VisualStudioVersion = 15.0.28307.779
MinimumVisualStudioVersion = 10.0.40219.1
Project("{FAE04EC0-301F-11D3-BF4B-00C04F79EFBC}") = "EMS201724112108", "EMS201724112108\EMS201724112108.csproj", "{E107A41D-8D62-45E6-BC76-CA101BACBBA0}"
EndProject
Global
	GlobalSection(SolutionConfigurationPlatforms) = preSolution
		Debug|Any CPU = Debug|Any CPU
		Release|Any CPU = Release|Any CPU
	EndGlobalSection
	GlobalSection(ProjectConfigurationPlatforms) = postSolution
		{E107A41D-8D62-45E6-BC76-CA101BACBBA0}.Debug|Any CPU.ActiveCfg = Debug|Any CPU
		{E107A41D-8D62-45E6-BC76-CA101BACBBA0}.Debug|Any CPU.Build.0 = Debug|Any CPU
		{E107A41D-8D62-45E6-BC76-CA101BACBBA0}.Release|Any CPU.ActiveCfg = Release|Any CPU
		{E107A41D-8D62-45E6-BC76-CA101BACBBA0}.Release|Any CPU.Build.0 = Release|Any CPU
	EndGlobalSection
	GlobalSection(SolutionProperties) = preSolution
		HideSolutionNode = FALSE
	EndGlobalSection
	GlobalSection(ExtensibilityGlobals) = postSolution
		SolutionGuid = {CCDCA66F-8AE5-4CFE-A077-65078E6BF01D}
	EndGlobalSection
EndGlobal
